# THIS IS AN AUTOGENERATED FILE. DO NOT EDIT THIS FILE DIRECTLY.
# yarn lockfile v1


connective@~1.0.0:
  version "1.0.0"
  resolved "https://registry.yarnpkg.com/connective/-/connective-1.0.0.tgz#17d5dd436d416c7dce309dcce33db1ee0594b1e8"
  integrity sha1-F9XdQ21BbH3OMJ3M4z2x7gWUseg=

lodash@^4.17.19:
  version "4.17.19"
  resolved "https://registry.yarnpkg.com/lodash/-/lodash-4.17.19.tgz#e48ddedbe30b3321783c5b4301fbd353bc1e4a4b"
  integrity sha512-JNvd8XER9GQX0v2qJgsaN/mzFCNA5BRe/j8JN9d+tWyGLSodKQHKFicdwNYzWwI3wjRnaKPsGj1XkBjx/F96DQ==

ski@~1.0.0:
  version "1.0.0"
  resolved "https://registry.yarnpkg.com/ski/-/ski-1.0.0.tgz#15e49dfd4f044260e26fc73c01426511852137b6"
  integrity sha1-FeSd/U8EQmDib8c8AUJlEYUhN7Y=

tracery-grammar@^2.7.3:
  version "2.7.3"
  resolved "https://registry.yarnpkg.com/tracery-grammar/-/tracery-grammar-2.7.3.tgz#463e05f017fb6891de4baea7d464199b697acbea"
  integrity sha1-Rj4F8Bf7aJHeS66n1GQZm2l6y+o=

tracery@^1.0.3:
  version "1.0.3"
  resolved "https://registry.yarnpkg.com/tracery/-/tracery-1.0.3.tgz#3c1333c52abb204bd01b31e650a26b7a01c5f71d"
  integrity sha1-PBMzxSq7IEvQGzHmUKJregHF9x0=
  dependencies:
    connective "~1.0.0"
    ski "~1.0.0"
